<Project xmlns="http://schemas.microsoft.com/developer/msbuild/2003">
    <PropertyGroup>
        <ProjectGuid>{47A723C2-5391-4828-837E-AAE6D3FA99F5}</ProjectGuid>
        <ProjectVersion>18.8</ProjectVersion>
        <MainSource>StratDB2.dpr</MainSource>
        <Config Condition="'$(Config)'==''">Debug</Config>
        <DCC_DCCCompiler>DCC32</DCC_DCCCompiler>
        <FrameworkType>VCL</FrameworkType>
        <Base>True</Base>
        <Platform Condition="'$(Platform)'==''">Win32</Platform>
        <Platform Condition="'$(Platform)'==''">Win64</Platform>
        <TargetedPlatforms>1</TargetedPlatforms>
        <AppType>Console</AppType>
    </PropertyGroup>
    <PropertyGroup Condition="'$(Config)'=='Base' or '$(Base)'!=''">
        <Base>true</Base>
    </PropertyGroup>
    <PropertyGroup Condition="'$(Config)'=='Release' or '$(Cfg_1)'!=''">
        <Cfg_1>true</Cfg_1>
        <CfgParent>Base</CfgParent>
        <Base>true</Base>
    </PropertyGroup>
    <PropertyGroup Condition="'$(Config)'=='Debug' or '$(Cfg_2)'!=''">
        <Cfg_2>true</Cfg_2>
        <CfgParent>Base</CfgParent>
        <Base>true</Base>
    </PropertyGroup>
    <PropertyGroup Condition="'$(Base)'!=''">
        <Icns_MainIcns>$(BDS)\bin\delphi_PROJECTICNS.icns</Icns_MainIcns>
        <DCC_DcpOutput>C:\DCP32\</DCC_DcpOutput>
        <SanitizedProjectName>StratDB2</SanitizedProjectName>
        <Icon_MainIcon>StratDB_Icon.ico</Icon_MainIcon>
        <Manifest_File>None</Manifest_File>
        <VerInfo_IncludeVerInfo>true</VerInfo_IncludeVerInfo>
        <VerInfo_Build>620</VerInfo_Build>
        <VerInfo_Keys>CompanyName=EggSoft;FileDescription=Stratigraphic unit database;FileVersion=1.2.0.620;InternalName=StratDB;LegalCopyright=Bruce Eglington;LegalTrademarks=;OriginalFilename=StratDB.exe;ProductName=Stratigraphic unit database;ProductVersion=1.0.0.0;Comments=</VerInfo_Keys>
        <DCC_Namespace>Vcl;Vcl.Imaging;Vcl.Touch;Vcl.Samples;Vcl.Shell;System;Xml;Data;Datasnap;Web;Soap;FlexCel;VCLTee;Bde;$(DCC_Namespace)</DCC_Namespace>
        <VerInfo_AutoGenVersion>true</VerInfo_AutoGenVersion>
        <VerInfo_Locale>4105</VerInfo_Locale>
        <VerInfo_MinorVer>2</VerInfo_MinorVer>
        <ImageDebugInfo>true</ImageDebugInfo>
        <DCC_DependencyCheckOutputName>C:\EXE\StratDB.exe</DCC_DependencyCheckOutputName>
        <DCC_DebugInfoInExe>true</DCC_DebugInfoInExe>
        <DCC_MapFile>3</DCC_MapFile>
        <BRCC_Verbose>true</BRCC_Verbose>
        <DCC_UsePackage>vcl;rtl;dbrtl;adortl;vcldb;vclx;bdertl;vcldbx;dsnap;cds;bdecds;visualclx;visualdbclx;dsnapcrba;dsnapcon;vclie;xmlrtl;inet;inetdbbde;inetdbxpress;inetdb;webdsnap;websnap;soaprtl;dbexpress;dbxcds;indy;rbUSER66;rbRCL66;rbCIDE66;rbIDE66;rbBDE66;rbDBDE66;rbDAD66;rbDIDE66;DclActionFieldLinks;DclSubmitSelectField;WebCookieSessPackage;UsedDisks;ibxpress;VclSmp;vclshlctrls;nmfast;dclOffice2k;TeeUI76;Tee76;TeeDB76;TeeQR76;TeeLanguage76;TeePro76;TeeGL76;TeeImage76;IntrawebDB_60_60;Intraweb_60_60;db403d6r;IndyCore60;IndySystem60;IndyProtocols60;$(DCC_UsePackage)</DCC_UsePackage>
        <DCC_ImageBase>00400000</DCC_ImageBase>
        <DCC_ExeOutput>C:\EXE32\</DCC_ExeOutput>
        <DCC_RangeChecking>true</DCC_RangeChecking>
        <DCC_Platform>x86</DCC_Platform>
        <DCC_Optimize>false</DCC_Optimize>
        <DCC_GenerateStackFrames>true</DCC_GenerateStackFrames>
        <DCC_SymbolReferenceInfo>1</DCC_SymbolReferenceInfo>
        <DCC_IntegerOverflowCheck>true</DCC_IntegerOverflowCheck>
        <DCC_DcuOutput>C:\DCU32\</DCC_DcuOutput>
    </PropertyGroup>
    <PropertyGroup Condition="'$(Cfg_1)'!=''">
        <DCC_LocalDebugSymbols>false</DCC_LocalDebugSymbols>
        <DCC_Define>RELEASE;$(DCC_Define)</DCC_Define>
        <DCC_SymbolReferenceInfo>0</DCC_SymbolReferenceInfo>
        <DCC_DebugInformation>0</DCC_DebugInformation>
    </PropertyGroup>
    <PropertyGroup Condition="'$(Cfg_2)'!=''">
        <DCC_SymbolReferenceInfo>2</DCC_SymbolReferenceInfo>
        <DCC_Define>DEBUG;$(DCC_Define)</DCC_Define>
    </PropertyGroup>
    <ItemGroup>
        <DelphiCompile Include="$(MainSource)">
            <MainSource>MainSource</MainSource>
        </DelphiCompile>
        <DCCReference Include="IWStrat_uMain.pas">
            <Form>Form1</Form>
        </DCCReference>
        <DCCReference Include="IWStrat_addcommoditylink.pas">
            <Form>ISFAddCommodityLink</Form>
            <DesignClass>TIWAppForm</DesignClass>
        </DCCReference>
        <DCCReference Include="IWStrat_addcorrelativelink.pas">
            <Form>ISFAddCorrelativeLink</Form>
            <DesignClass>TIWAppForm</DesignClass>
        </DCCReference>
        <DCCReference Include="IWStrat_adddeformationlink.pas">
            <Form>ISFAddDeformationLink</Form>
            <DesignClass>TIWAppForm</DesignClass>
        </DCCReference>
        <DCCReference Include="IWStrat_adddomaindepositlink.pas">
            <Form>ISFAddDomainDepositLink</Form>
            <DesignClass>TIWAppForm</DesignClass>
        </DCCReference>
        <DCCReference Include="IWStrat_adddomainlink.pas">
            <Form>ISFAddDomainLink</Form>
            <DesignClass>TIWAppForm</DesignClass>
        </DCCReference>
        <DCCReference Include="IWStrat_adddomainLIPlink.pas">
            <Form>ISFAddDomainLIPLink</Form>
            <DesignClass>TIWAppForm</DesignClass>
        </DCCReference>
        <DCCReference Include="IWStrat_addeconomicfeaturelink.pas">
            <Form>ISFAddEconomicFeatureLink</Form>
            <DesignClass>TIWAppForm</DesignClass>
        </DCCReference>
        <DCCReference Include="IWStrat_addgislink.pas">
            <Form>ISFAddGISLink</Form>
            <DesignClass>TIWAppForm</DesignClass>
        </DCCReference>
        <DCCReference Include="IWStrat_addlinktoapplication.pas">
            <Form>ISFAddLinkToApplication</Form>
            <DesignClass>TIWAppForm</DesignClass>
        </DCCReference>
        <DCCReference Include="IWStrat_addlipdomainlink.pas">
            <Form>ISFAddLIPDomainLink</Form>
            <DesignClass>TIWAppForm</DesignClass>
        </DCCReference>
        <DCCReference Include="IWStrat_addlipmorphologylink.pas">
            <Form>ISFAddLIPMorphologyLink</Form>
            <DesignClass>TIWAppForm</DesignClass>
        </DCCReference>
        <DCCReference Include="IWStrat_addlipunitlink.pas">
            <Form>ISFAddLIPUnitLink</Form>
            <DesignClass>TIWAppForm</DesignClass>
        </DCCReference>
        <DCCReference Include="IWStrat_addmetamorphismlink.pas">
            <Form>ISFAddMetamorphismLink</Form>
            <DesignClass>TIWAppForm</DesignClass>
        </DCCReference>
        <DCCReference Include="IWStrat_addproject.pas">
            <Form>ISFAddProject</Form>
            <DesignClass>TIWAppForm</DesignClass>
        </DCCReference>
        <DCCReference Include="IWStrat_addprecedinglink.pas">
            <Form>ISFAddPrecedingLink</Form>
            <DesignClass>TIWAppForm</DesignClass>
        </DCCReference>
        <DCCReference Include="IWStrat_addreflink.pas">
            <Form>ISFAddRefLink</Form>
            <DesignClass>TIWAppForm</DesignClass>
        </DCCReference>
        <DCCReference Include="IWStrat_addspecialfeaturelink.pas">
            <Form>ISFAddSpecialFeatureLink</Form>
            <DesignClass>TIWAppForm</DesignClass>
        </DCCReference>
        <DCCReference Include="IWStrat_addstratunitlink.pas">
            <Form>ISFAddStratUnitLink</Form>
            <DesignClass>TIWAppForm</DesignClass>
        </DCCReference>
        <DCCReference Include="IWStrat_addsucceedinglink.pas">
            <Form>ISFAddSucceedingLink</Form>
            <DesignClass>TIWAppForm</DesignClass>
        </DCCReference>
        <DCCReference Include="IWStrat_addsynonymlink.pas">
            <Form>ISFAddSynonymLink</Form>
            <DesignClass>TIWAppForm</DesignClass>
        </DCCReference>
        <DCCReference Include="IWStrat_domainzircon.pas">
            <Form>ISFDomainZircon</Form>
            <DesignClass>TIWAppForm</DesignClass>
        </DCCReference>
        <DCCReference Include="IWStrat_chartdomain.pas">
            <Form>ISFChartDomain</Form>
            <DesignClass>TIWAppForm</DesignClass>
        </DCCReference>
        <DCCReference Include="IWStrat_chartedit.pas">
            <Form>ISFChartEdit</Form>
            <DesignClass>TIWAppForm</DesignClass>
        </DCCReference>
        <DCCReference Include="IWStrat_charts.pas">
            <Form>ISFCharts</Form>
            <DesignClass>TIWAppForm</DesignClass>
        </DCCReference>
        <DCCReference Include="IWStrat_clantypes.pas">
            <Form>ISFClanTypes</Form>
            <DesignClass>TIWAppForm</DesignClass>
        </DCCReference>
        <DCCReference Include="IWStrat_constants.pas"/>
        <DCCReference Include="IWStrat_constvalues.pas"/>
        <DCCReference Include="IWStrat_countries.pas">
            <Form>ISFCountries</Form>
            <DesignClass>TIWAppForm</DesignClass>
        </DCCReference>
        <DCCReference Include="IWStrat_definedepositquery.pas">
            <Form>ISFDefineDepositQuery</Form>
            <DesignClass>TIWAppForm</DesignClass>
        </DCCReference>
        <DCCReference Include="IWStrat_definedomainquery2.pas">
            <Form>ISFDefineDomainQuery2</Form>
            <DesignClass>TIWAppForm</DesignClass>
        </DCCReference>
        <DCCReference Include="IWStrat_defineLIPquery.pas">
            <Form>ISFDefineLIPQuery</Form>
            <DesignClass>TIWAppForm</DesignClass>
        </DCCReference>
        <DCCReference Include="IWStrat_definenewcontinent.pas">
            <Form>ISFDefineNewContinent</Form>
            <DesignClass>TIWAppForm</DesignClass>
        </DCCReference>
        <DCCReference Include="IWStrat_definequery.pas">
            <Form>ISFDefineQuery</Form>
            <DesignClass>TIWAppForm</DesignClass>
        </DCCReference>
        <DCCReference Include="IWStrat_definequery1.pas">
            <Form>ISFDefineQuery1</Form>
            <DesignClass>TIWAppForm</DesignClass>
        </DCCReference>
        <DCCReference Include="IWStrat_definequery2.pas">
            <Form>ISFDefineQuery2</Form>
            <DesignClass>TIWAppForm</DesignClass>
        </DCCReference>
        <DCCReference Include="IWStrat_deformationtypes.pas">
            <Form>ISFDeformationTypes</Form>
            <DesignClass>TIWAppForm</DesignClass>
        </DCCReference>
        <DCCReference Include="IWStrat_depositdetails.pas">
            <Form>ISFDepositDetails</Form>
            <DesignClass>TIWAppForm</DesignClass>
        </DCCReference>
        <DCCReference Include="IWStrat_details.pas">
            <Form>ISFDetails</Form>
            <DesignClass>TIWAppForm</DesignClass>
        </DCCReference>
        <DCCReference Include="IWStrat_directions.pas">
            <Form>ISFDirections</Form>
            <DesignClass>TIWAppForm</DesignClass>
        </DCCReference>
        <DCCReference Include="IWStrat_dm.pas">
            <Form>dmStrat</Form>
            <DesignClass>TDataModule</DesignClass>
        </DCCReference>
        <DCCReference Include="IWStrat_dmC.pas">
            <Form>dmStratC</Form>
            <DesignClass>TDataModule</DesignClass>
        </DCCReference>
        <DCCReference Include="IWStrat_dmD.pas">
            <Form>dmStratD</Form>
            <DesignClass>TDataModule</DesignClass>
        </DCCReference>
        <DCCReference Include="IWStrat_dmDV.pas">
            <Form>dmDV</Form>
            <DesignClass>TDataModule</DesignClass>
        </DCCReference>
        <DCCReference Include="IWStrat_dmLIP.pas">
            <Form>dmLIP</Form>
            <DesignClass>TDataModule</DesignClass>
        </DCCReference>
        <DCCReference Include="IWStrat_domaindetails.pas">
            <Form>ISFDomainDetails</Form>
            <DesignClass>TIWAppForm</DesignClass>
        </DCCReference>
        <DCCReference Include="IWStrat_domains.pas">
            <Form>ISFDomains</Form>
            <DesignClass>TIWAppForm</DesignClass>
        </DCCReference>
        <DCCReference Include="IWStrat_domaintypes.pas">
            <Form>ISFDomainTypes</Form>
            <DesignClass>TIWAppForm</DesignClass>
        </DCCReference>
        <DCCReference Include="IWStrat_domainvalidcheck.pas">
            <Form>ISFDomainValidCheck</Form>
            <DesignClass>TIWAppForm</DesignClass>
        </DCCReference>
        <DCCReference Include="IWStrat_ductilities.pas">
            <Form>ISFDuctilities</Form>
            <DesignClass>TIWAppForm</DesignClass>
        </DCCReference>
        <DCCReference Include="IWStrat_framemenu.pas">
            <Form>ISFFrameMenu</Form>
            <DesignClass>TFrame</DesignClass>
        </DCCReference>
        <DCCReference Include="IWStrat_frDepositGrid.pas">
            <Form>ISFDepositGrid</Form>
            <DesignClass>TIWAppForm</DesignClass>
        </DCCReference>
        <DCCReference Include="IWStrat_frDomainGrid.pas">
            <Form>ISFDomainGrid</Form>
            <DesignClass>TIWAppForm</DesignClass>
        </DCCReference>
        <DCCReference Include="IWStrat_frLIPGrid.pas">
            <Form>ISFLIPGrid</Form>
            <DesignClass>TIWAppForm</DesignClass>
        </DCCReference>
        <DCCReference Include="IWStrat_frTopBar.pas">
            <Form>ISFTopBarStrat</Form>
            <DesignClass>TFrame</DesignClass>
        </DCCReference>
        <DCCReference Include="IWStrat_LIPdetails.pas">
            <Form>ISFLIPDetails</Form>
            <DesignClass>TIWAppForm</DesignClass>
        </DCCReference>
        <DCCReference Include="IWStrat_lips.pas">
            <Form>ISFLIPS</Form>
            <DesignClass>TIWAppForm</DesignClass>
        </DCCReference>
        <DCCReference Include="IWStrat_maps.pas">
            <Form>ISFMaps</Form>
            <DesignClass>TIWAppForm</DesignClass>
        </DCCReference>
        <DCCReference Include="IWStrat_metamorphicgrades.pas">
            <Form>ISFMetamorphicGrades</Form>
            <DesignClass>TIWAppForm</DesignClass>
        </DCCReference>
        <DCCReference Include="IWStrat_newrecord1.pas">
            <Form>ISFNewRecord1</Form>
            <DesignClass>TIWAppForm</DesignClass>
        </DCCReference>
        <DCCReference Include="IWStrat_newrecord2.pas">
            <Form>ISFNewRecord2</Form>
            <DesignClass>TIWAppForm</DesignClass>
        </DCCReference>
        <DCCReference Include="IWStrat_newrecord3.pas">
            <Form>ISFNewRecord3</Form>
            <DesignClass>TIWAppForm</DesignClass>
        </DCCReference>
        <DCCReference Include="IWStrat_options.pas">
            <Form>ISFOptions</Form>
            <DesignClass>TIWAppForm</DesignClass>
        </DCCReference>
        <DCCReference Include="IWStrat_orogenies.pas">
            <Form>ISFOrogenies</Form>
            <DesignClass>TIWAppForm</DesignClass>
        </DCCReference>
        <DCCReference Include="IWStrat_ranks.pas">
            <Form>ISFRanks</Form>
            <DesignClass>TIWAppForm</DesignClass>
        </DCCReference>
        <DCCReference Include="IWStrat_refdetail.pas">
            <Form>ISFRefDetails</Form>
            <DesignClass>TIWAppForm</DesignClass>
        </DCCReference>
        <DCCReference Include="IWStrat_referencequery.pas">
            <Form>ISFReferenceQuery</Form>
            <DesignClass>TIWAppForm</DesignClass>
        </DCCReference>
        <DCCReference Include="IWStrat_references.pas">
            <Form>ISFReferences</Form>
            <DesignClass>TIWAppForm</DesignClass>
        </DCCReference>
        <DCCReference Include="IWStrat_rockclasses.pas">
            <Form>ISFRockClasses</Form>
            <DesignClass>TIWAppForm</DesignClass>
        </DCCReference>
        <DCCReference Include="IWStrat_sedenv.pas">
            <Form>ISFSedEnv</Form>
            <DesignClass>TIWAppForm</DesignClass>
        </DCCReference>
        <DCCReference Include="IWStrat_selectchart.pas">
            <Form>ISFSelectChart</Form>
            <DesignClass>TIWAppForm</DesignClass>
        </DCCReference>
        <DCCReference Include="IWStrat_selectgraph.pas">
            <Form>ISFSelectGraph</Form>
            <DesignClass>TIWAppForm</DesignClass>
        </DCCReference>
        <DCCReference Include="IWStrat_selectmap.pas">
            <Form>ISFSelectMap</Form>
            <DesignClass>TIWAppForm</DesignClass>
        </DCCReference>
        <DCCReference Include="IWStrat_settings.pas">
            <Form>ISFSettings</Form>
            <DesignClass>TIWAppForm</DesignClass>
        </DCCReference>
        <DCCReference Include="IWStrat_specialfeatures.pas">
            <Form>ISFSpecialFeatures</Form>
            <DesignClass>TIWAppForm</DesignClass>
        </DCCReference>
        <DCCReference Include="IWStrat_timescale.pas">
            <Form>ISFTimescale</Form>
            <DesignClass>TIWAppForm</DesignClass>
        </DCCReference>
        <DCCReference Include="IWStrat_userforlist.pas">
            <Form>ISFUserForList</Form>
            <DesignClass>TIWAppForm</DesignClass>
        </DCCReference>
        <DCCReference Include="IWStrat_userwhofor.pas">
            <Form>ISFUserWhoFor</Form>
            <DesignClass>TIWAppForm</DesignClass>
        </DCCReference>
        <DCCReference Include="IWStrat_validcheck.pas">
            <Form>ISFValidCheck</Form>
            <DesignClass>TIWAppForm</DesignClass>
        </DCCReference>
        <DCCReference Include="..\WebUserIW\usr_constants.pas"/>
        <DCCReference Include="..\WebUserIW\usr_insufficientright.pas">
            <Form>ISFInsufficientRights</Form>
            <DesignClass>TIWAppForm</DesignClass>
        </DCCReference>
        <DCCReference Include="..\WebUserIW\usr_uChangeDetails.pas">
            <Form>ISFChangeUserDetails</Form>
            <DesignClass>TIWAppForm</DesignClass>
        </DCCReference>
        <DCCReference Include="..\WebUserIW\usr_uDonate.pas">
            <Form>ISFDonate</Form>
            <DesignClass>TIWAppForm</DesignClass>
        </DCCReference>
        <DCCReference Include="..\WebUserIW\usr_uForgotten.pas">
            <Form>ISFForgotten</Form>
            <DesignClass>TIWAppForm</DesignClass>
        </DCCReference>
        <DCCReference Include="..\WebUserIW\usr_uLogin.pas">
            <Form>ISFLogin</Form>
            <DesignClass>TIWAppForm</DesignClass>
        </DCCReference>
        <DCCReference Include="..\WebUserIW\usr_uRegister.pas">
            <Form>ISFRegister</Form>
            <DesignClass>TIWAppForm</DesignClass>
        </DCCReference>
        <DCCReference Include="..\WebUserIW\usr_uRenew.pas">
            <Form>ISFRenew</Form>
            <DesignClass>TIWAppForm</DesignClass>
        </DCCReference>
        <DCCReference Include="..\WebUserIW\usrIW_dm.pas">
            <Form>dmUser</Form>
            <DesignClass>TDataModule</DesignClass>
        </DCCReference>
        <DCCReference Include="..\Allsorts.pas"/>
        <DCCReference Include="..\DB_List_Combo.pas"/>
        <DCCReference Include="..\ErrCodes.pas"/>
        <DCCReference Include="..\NumRecipes.pas"/>
        <DCCReference Include="..\NumRecipes_varb.pas"/>
        <DCCReference Include="ServerController.pas">
            <Form>IWServerController</Form>
            <DesignClass>TIWServerControllerBase</DesignClass>
        </DCCReference>
        <DCCReference Include="..\WebUserIW\usr_uDBInterface.pas"/>
        <DCCReference Include="IWStrat_GrainSources.pas">
            <Form>ISFGrainSources</Form>
            <DesignClass>TIWAppForm</DesignClass>
        </DCCReference>
        <DCCReference Include="IWStrat_chartdetails.pas">
            <Form>ISFChartDetails</Form>
            <DesignClass>TIWAppForm</DesignClass>
        </DCCReference>
        <DCCReference Include="..\WebUserIW\usr_cookies.pas"/>
        <DCCReference Include="..\Mathproc.pas"/>
        <DCCReference Include="..\DateViewIW2\DVIW_mathproc.pas"/>
        <DCCReference Include="IWStrat_frGrid.pas">
            <Form>ISFGrid</Form>
            <DesignClass>TIWAppForm</DesignClass>
        </DCCReference>
        <DCCReference Include="IWStrat_continents.pas">
            <Form>ISFContinents</Form>
            <DesignClass>TIWAppForm</DesignClass>
        </DCCReference>
        <DCCReference Include="IWStrat_dmopt.pas">
            <Form>dmOpt</Form>
            <DesignClass>TDataModule</DesignClass>
        </DCCReference>
        <DCCReference Include="..\uSetupOctaGateURLBase.pas"/>
        <DCCReference Include="IWStrat_addorogeny.pas">
            <Form>ISFAddOrogeny</Form>
            <DesignClass>TIWAppForm</DesignClass>
        </DCCReference>
        <DCCReference Include="..\TeeChart__for_IntraWeb\IWCompTeeChart.pas"/>
        <DCCReference Include="IWStrat_frGridGrainProbabilityUnits.pas">
            <Form>ISFGridGrainProbabilityUnits</Form>
            <DesignClass>TIWAppForm</DesignClass>
        </DCCReference>
        <RcItem Include="StratDB_Icon1.ico">
            <ResourceType>ICON</ResourceType>
            <ResourceId>Icon_1</ResourceId>
        </RcItem>
        <BuildConfiguration Include="Debug">
            <Key>Cfg_2</Key>
            <CfgParent>Base</CfgParent>
        </BuildConfiguration>
        <BuildConfiguration Include="Base">
            <Key>Base</Key>
        </BuildConfiguration>
        <BuildConfiguration Include="Release">
            <Key>Cfg_1</Key>
            <CfgParent>Base</CfgParent>
        </BuildConfiguration>
    </ItemGroup>
    <Import Condition="Exists('$(BDS)\Bin\CodeGear.Delphi.Targets')" Project="$(BDS)\Bin\CodeGear.Delphi.Targets"/>
    <ProjectExtensions>
        <Borland.Personality>Delphi.Personality.12</Borland.Personality>
        <Borland.ProjectType/>
        <BorlandProject>
            <Delphi.Personality>
                <Source>
                    <Source Name="MainSource">StratDB2.dpr</Source>
                </Source>
                <Parameters>
                    <Parameters Name="UseLauncher">False</Parameters>
                    <Parameters Name="LoadAllSymbols">True</Parameters>
                    <Parameters Name="LoadUnspecifiedSymbols">False</Parameters>
                </Parameters>
                <VersionInfo>
                    <VersionInfo Name="IncludeVerInfo">True</VersionInfo>
                    <VersionInfo Name="AutoIncBuild">True</VersionInfo>
                    <VersionInfo Name="MajorVer">1</VersionInfo>
                    <VersionInfo Name="MinorVer">2</VersionInfo>
                    <VersionInfo Name="Release">0</VersionInfo>
                    <VersionInfo Name="Build">622</VersionInfo>
                    <VersionInfo Name="Debug">False</VersionInfo>
                    <VersionInfo Name="PreRelease">False</VersionInfo>
                    <VersionInfo Name="Special">False</VersionInfo>
                    <VersionInfo Name="Private">False</VersionInfo>
                    <VersionInfo Name="DLL">False</VersionInfo>
                    <VersionInfo Name="Locale">4105</VersionInfo>
                    <VersionInfo Name="CodePage">1252</VersionInfo>
                </VersionInfo>
                <VersionInfoKeys>
                    <VersionInfoKeys Name="CompanyName">EggSoft</VersionInfoKeys>
                    <VersionInfoKeys Name="FileDescription">Stratigraphic unit database</VersionInfoKeys>
                    <VersionInfoKeys Name="FileVersion">1.2.0.622</VersionInfoKeys>
                    <VersionInfoKeys Name="InternalName">StratDB</VersionInfoKeys>
                    <VersionInfoKeys Name="LegalCopyright">Bruce Eglington</VersionInfoKeys>
                    <VersionInfoKeys Name="LegalTrademarks"/>
                    <VersionInfoKeys Name="OriginalFilename">StratDB.exe</VersionInfoKeys>
                    <VersionInfoKeys Name="ProductName">Stratigraphic unit database</VersionInfoKeys>
                    <VersionInfoKeys Name="ProductVersion">1.0.0.0</VersionInfoKeys>
                    <VersionInfoKeys Name="Comments"/>
                </VersionInfoKeys>
                <Excluded_Packages/>
            </Delphi.Personality>
            <Platforms/>
            <Deployment Version="3">
                <DeployFile LocalName="C:\EXE32\StratDB2.exe" Configuration="Debug" Class="ProjectOutput">
                    <Platform Name="Win32">
                        <RemoteName>StratDB2.exe</RemoteName>
                        <Overwrite>true</Overwrite>
                    </Platform>
                </DeployFile>
                <DeployFile LocalName="C:\EXE64\StratDB2.exe" Configuration="Debug" Class="ProjectOutput">
                    <Platform Name="Win64">
                        <RemoteName>StratDB2.exe</RemoteName>
                        <Overwrite>true</Overwrite>
                    </Platform>
                </DeployFile>
                <DeployFile LocalName="StratDB_Icon1.ico" Configuration="Debug" Class="ProjectFile">
                    <Platform Name="Win32">
                        <RemoteDir>.\</RemoteDir>
                        <Overwrite>true</Overwrite>
                    </Platform>
                </DeployFile>
                <DeployFile LocalName="StratDB_Icon1.ico" Configuration="Debug" Class="ProjectFile">
                    <Platform Name="Win64">
                        <RemoteDir>.\</RemoteDir>
                        <Overwrite>true</Overwrite>
                    </Platform>
                </DeployFile>
                <DeployClass Name="AdditionalDebugSymbols">
                    <Platform Name="OSX32">
                        <Operation>1</Operation>
                    </Platform>
                    <Platform Name="Win32">
                        <Operation>0</Operation>
                    </Platform>
                </DeployClass>
                <DeployClass Name="AndroidClassesDexFile">
                    <Platform Name="Android">
                        <RemoteDir>classes</RemoteDir>
                        <Operation>1</Operation>
                    </Platform>
                    <Platform Name="Android64">
                        <RemoteDir>classes</RemoteDir>
                        <Operation>1</Operation>
                    </Platform>
                </DeployClass>
                <DeployClass Name="AndroidFileProvider">
                    <Platform Name="Android">
                        <RemoteDir>res\xml</RemoteDir>
                        <Operation>1</Operation>
                    </Platform>
                    <Platform Name="Android64">
                        <RemoteDir>res\xml</RemoteDir>
                        <Operation>1</Operation>
                    </Platform>
                </DeployClass>
                <DeployClass Name="AndroidGDBServer">
                    <Platform Name="Android">
                        <RemoteDir>library\lib\armeabi-v7a</RemoteDir>
                        <Operation>1</Operation>
                    </Platform>
                </DeployClass>
                <DeployClass Name="AndroidLibnativeArmeabiFile">
                    <Platform Name="Android">
                        <RemoteDir>library\lib\armeabi</RemoteDir>
                        <Operation>1</Operation>
                    </Platform>
                    <Platform Name="Android64">
                        <RemoteDir>library\lib\armeabi</RemoteDir>
                        <Operation>1</Operation>
                    </Platform>
                </DeployClass>
                <DeployClass Name="AndroidLibnativeArmeabiv7aFile">
                    <Platform Name="Android64">
                        <RemoteDir>library\lib\armeabi-v7a</RemoteDir>
                        <Operation>1</Operation>
                    </Platform>
                </DeployClass>
                <DeployClass Name="AndroidLibnativeMipsFile">
                    <Platform Name="Android">
                        <RemoteDir>library\lib\mips</RemoteDir>
                        <Operation>1</Operation>
                    </Platform>
                    <Platform Name="Android64">
                        <RemoteDir>library\lib\mips</RemoteDir>
                        <Operation>1</Operation>
                    </Platform>
                </DeployClass>
                <DeployClass Name="AndroidLibnativeX86File"/>
                <DeployClass Name="AndroidServiceOutput">
                    <Platform Name="Android">
                        <RemoteDir>library\lib\armeabi-v7a</RemoteDir>
                        <Operation>1</Operation>
                    </Platform>
                    <Platform Name="Android64">
                        <RemoteDir>library\lib\arm64-v8a</RemoteDir>
                        <Operation>1</Operation>
                    </Platform>
                </DeployClass>
                <DeployClass Name="AndroidServiceOutput_Android32">
                    <Platform Name="Android64">
                        <RemoteDir>library\lib\armeabi-v7a</RemoteDir>
                        <Operation>1</Operation>
                    </Platform>
                </DeployClass>
                <DeployClass Name="AndroidSplashImageDef">
                    <Platform Name="Android">
                        <RemoteDir>res\drawable</RemoteDir>
                        <Operation>1</Operation>
                    </Platform>
                    <Platform Name="Android64">
                        <RemoteDir>res\drawable</RemoteDir>
                        <Operation>1</Operation>
                    </Platform>
                </DeployClass>
                <DeployClass Name="AndroidSplashStyles">
                    <Platform Name="Android">
                        <RemoteDir>res\values</RemoteDir>
                        <Operation>1</Operation>
                    </Platform>
                    <Platform Name="Android64">
                        <RemoteDir>res\values</RemoteDir>
                        <Operation>1</Operation>
                    </Platform>
                </DeployClass>
                <DeployClass Name="AndroidSplashStylesV21">
                    <Platform Name="Android">
                        <RemoteDir>res\values-v21</RemoteDir>
                        <Operation>1</Operation>
                    </Platform>
                    <Platform Name="Android64">
                        <RemoteDir>res\values-v21</RemoteDir>
                        <Operation>1</Operation>
                    </Platform>
                </DeployClass>
                <DeployClass Name="Android_Colors">
                    <Platform Name="Android">
                        <RemoteDir>res\values</RemoteDir>
                        <Operation>1</Operation>
                    </Platform>
                    <Platform Name="Android64">
                        <RemoteDir>res\values</RemoteDir>
                        <Operation>1</Operation>
                    </Platform>
                </DeployClass>
                <DeployClass Name="Android_DefaultAppIcon">
                    <Platform Name="Android">
                        <RemoteDir>res\drawable</RemoteDir>
                        <Operation>1</Operation>
                    </Platform>
                    <Platform Name="Android64">
                        <RemoteDir>res\drawable</RemoteDir>
                        <Operation>1</Operation>
                    </Platform>
                </DeployClass>
                <DeployClass Name="Android_LauncherIcon144">
                    <Platform Name="Android">
                        <RemoteDir>res\drawable-xxhdpi</RemoteDir>
                        <Operation>1</Operation>
                    </Platform>
                    <Platform Name="Android64">
                        <RemoteDir>res\drawable-xxhdpi</RemoteDir>
                        <Operation>1</Operation>
                    </Platform>
                </DeployClass>
                <DeployClass Name="Android_LauncherIcon36">
                    <Platform Name="Android">
                        <RemoteDir>res\drawable-ldpi</RemoteDir>
                        <Operation>1</Operation>
                    </Platform>
                    <Platform Name="Android64">
                        <RemoteDir>res\drawable-ldpi</RemoteDir>
                        <Operation>1</Operation>
                    </Platform>
                </DeployClass>
                <DeployClass Name="Android_LauncherIcon48">
                    <Platform Name="Android">
                        <RemoteDir>res\drawable-mdpi</RemoteDir>
                        <Operation>1</Operation>
                    </Platform>
                    <Platform Name="Android64">
                        <RemoteDir>res\drawable-mdpi</RemoteDir>
                        <Operation>1</Operation>
                    </Platform>
                </DeployClass>
                <DeployClass Name="Android_LauncherIcon72">
                    <Platform Name="Android">
                        <RemoteDir>res\drawable-hdpi</RemoteDir>
                        <Operation>1</Operation>
                    </Platform>
                    <Platform Name="Android64">
                        <RemoteDir>res\drawable-hdpi</RemoteDir>
                        <Operation>1</Operation>
                    </Platform>
                </DeployClass>
                <DeployClass Name="Android_LauncherIcon96">
                    <Platform Name="Android">
                        <RemoteDir>res\drawable-xhdpi</RemoteDir>
                        <Operation>1</Operation>
                    </Platform>
                    <Platform Name="Android64">
                        <RemoteDir>res\drawable-xhdpi</RemoteDir>
                        <Operation>1</Operation>
                    </Platform>
                </DeployClass>
                <DeployClass Name="Android_NotificationIcon24">
                    <Platform Name="Android">
                        <RemoteDir>res\drawable-mdpi</RemoteDir>
                        <Operation>1</Operation>
                    </Platform>
                    <Platform Name="Android64">
                        <RemoteDir>res\drawable-mdpi</RemoteDir>
                        <Operation>1</Operation>
                    </Platform>
                </DeployClass>
                <DeployClass Name="Android_NotificationIcon36">
                    <Platform Name="Android">
                        <RemoteDir>res\drawable-hdpi</RemoteDir>
                        <Operation>1</Operation>
                    </Platform>
                    <Platform Name="Android64">
                        <RemoteDir>res\drawable-hdpi</RemoteDir>
                        <Operation>1</Operation>
                    </Platform>
                </DeployClass>
                <DeployClass Name="Android_NotificationIcon48">
                    <Platform Name="Android">
                        <RemoteDir>res\drawable-xhdpi</RemoteDir>
                        <Operation>1</Operation>
                    </Platform>
                    <Platform Name="Android64">
                        <RemoteDir>res\drawable-xhdpi</RemoteDir>
                        <Operation>1</Operation>
                    </Platform>
                </DeployClass>
                <DeployClass Name="Android_NotificationIcon72">
                    <Platform Name="Android">
                        <RemoteDir>res\drawable-xxhdpi</RemoteDir>
                        <Operation>1</Operation>
                    </Platform>
                    <Platform Name="Android64">
                        <RemoteDir>res\drawable-xxhdpi</RemoteDir>
                        <Operation>1</Operation>
                    </Platform>
                </DeployClass>
                <DeployClass Name="Android_NotificationIcon96">
                    <Platform Name="Android">
                        <RemoteDir>res\drawable-xxxhdpi</RemoteDir>
                        <Operation>1</Operation>
                    </Platform>
                    <Platform Name="Android64">
                        <RemoteDir>res\drawable-xxxhdpi</RemoteDir>
                        <Operation>1</Operation>
                    </Platform>
                </DeployClass>
                <DeployClass Name="Android_SplashImage426">
                    <Platform Name="Android">
                        <RemoteDir>res\drawable-small</RemoteDir>
                        <Operation>1</Operation>
                    </Platform>
                    <Platform Name="Android64">
                        <RemoteDir>res\drawable-small</RemoteDir>
                        <Operation>1</Operation>
                    </Platform>
                </DeployClass>
                <DeployClass Name="Android_SplashImage470">
                    <Platform Name="Android">
                        <RemoteDir>res\drawable-normal</RemoteDir>
                        <Operation>1</Operation>
                    </Platform>
                    <Platform Name="Android64">
                        <RemoteDir>res\drawable-normal</RemoteDir>
                        <Operation>1</Operation>
                    </Platform>
                </DeployClass>
                <DeployClass Name="Android_SplashImage640">
                    <Platform Name="Android">
                        <RemoteDir>res\drawable-large</RemoteDir>
                        <Operation>1</Operation>
                    </Platform>
                    <Platform Name="Android64">
                        <RemoteDir>res\drawable-large</RemoteDir>
                        <Operation>1</Operation>
                    </Platform>
                </DeployClass>
                <DeployClass Name="Android_SplashImage960">
                    <Platform Name="Android">
                        <RemoteDir>res\drawable-xlarge</RemoteDir>
                        <Operation>1</Operation>
                    </Platform>
                    <Platform Name="Android64">
                        <RemoteDir>res\drawable-xlarge</RemoteDir>
                        <Operation>1</Operation>
                    </Platform>
                </DeployClass>
                <DeployClass Name="Android_Strings">
                    <Platform Name="Android">
                        <RemoteDir>res\values</RemoteDir>
                        <Operation>1</Operation>
                    </Platform>
                    <Platform Name="Android64">
                        <RemoteDir>res\values</RemoteDir>
                        <Operation>1</Operation>
                    </Platform>
                </DeployClass>
                <DeployClass Name="DebugSymbols">
                    <Platform Name="iOSSimulator">
                        <Operation>1</Operation>
                    </Platform>
                    <Platform Name="OSX32">
                        <Operation>1</Operation>
                    </Platform>
                    <Platform Name="Win32">
                        <Operation>0</Operation>
                    </Platform>
                </DeployClass>
                <DeployClass Name="DependencyFramework">
                    <Platform Name="OSX32">
                        <Operation>1</Operation>
                        <Extensions>.framework</Extensions>
                    </Platform>
                    <Platform Name="OSX64">
                        <Operation>1</Operation>
                        <Extensions>.framework</Extensions>
                    </Platform>
                    <Platform Name="Win32">
                        <Operation>0</Operation>
                    </Platform>
                </DeployClass>
                <DeployClass Name="DependencyModule">
                    <Platform Name="OSX32">
                        <Operation>1</Operation>
                        <Extensions>.dylib</Extensions>
                    </Platform>
                    <Platform Name="OSX64">
                        <Operation>1</Operation>
                        <Extensions>.dylib</Extensions>
                    </Platform>
                    <Platform Name="Win32">
                        <Operation>0</Operation>
                        <Extensions>.dll;.bpl</Extensions>
                    </Platform>
                </DeployClass>
                <DeployClass Required="true" Name="DependencyPackage">
                    <Platform Name="iOSDevice32">
                        <Operation>1</Operation>
                        <Extensions>.dylib</Extensions>
                    </Platform>
                    <Platform Name="iOSDevice64">
                        <Operation>1</Operation>
                        <Extensions>.dylib</Extensions>
                    </Platform>
                    <Platform Name="iOSSimulator">
                        <Operation>1</Operation>
                        <Extensions>.dylib</Extensions>
                    </Platform>
                    <Platform Name="OSX32">
                        <Operation>1</Operation>
                        <Extensions>.dylib</Extensions>
                    </Platform>
                    <Platform Name="OSX64">
                        <Operation>1</Operation>
                        <Extensions>.dylib</Extensions>
                    </Platform>
                    <Platform Name="Win32">
                        <Operation>0</Operation>
                        <Extensions>.bpl</Extensions>
                    </Platform>
                </DeployClass>
                <DeployClass Name="File">
                    <Platform Name="Android">
                        <Operation>0</Operation>
                    </Platform>
                    <Platform Name="Android64">
                        <Operation>0</Operation>
                    </Platform>
                    <Platform Name="iOSDevice32">
                        <Operation>0</Operation>
                    </Platform>
                    <Platform Name="iOSDevice64">
                        <Operation>0</Operation>
                    </Platform>
                    <Platform Name="iOSSimulator">
                        <Operation>0</Operation>
                    </Platform>
                    <Platform Name="OSX32">
                        <Operation>0</Operation>
                    </Platform>
                    <Platform Name="OSX64">
                        <Operation>0</Operation>
                    </Platform>
                    <Platform Name="Win32">
                        <Operation>0</Operation>
                    </Platform>
                </DeployClass>
                <DeployClass Name="iPad_Launch1024">
                    <Platform Name="iOSDevice32">
                        <Operation>1</Operation>
                    </Platform>
                    <Platform Name="iOSDevice64">
                        <Operation>1</Operation>
                    </Platform>
                    <Platform Name="iOSSimulator">
                        <Operation>1</Operation>
                    </Platform>
                </DeployClass>
                <DeployClass Name="iPad_Launch1024x768">
                    <Platform Name="iOSDevice32">
                        <Operation>1</Operation>
                    </Platform>
                    <Platform Name="iOSDevice64">
                        <Operation>1</Operation>
                    </Platform>
                    <Platform Name="iOSSimulator">
                        <Operation>1</Operation>
                    </Platform>
                </DeployClass>
                <DeployClass Name="iPad_Launch1536">
                    <Platform Name="iOSDevice32">
                        <Operation>1</Operation>
                    </Platform>
                    <Platform Name="iOSDevice64">
                        <Operation>1</Operation>
                    </Platform>
                    <Platform Name="iOSSimulator">
                        <Operation>1</Operation>
                    </Platform>
                </DeployClass>
                <DeployClass Name="iPad_Launch1536x2048">
                    <Platform Name="iOSDevice32">
                        <Operation>1</Operation>
                    </Platform>
                    <Platform Name="iOSDevice64">
                        <Operation>1</Operation>
                    </Platform>
                    <Platform Name="iOSSimulator">
                        <Operation>1</Operation>
                    </Platform>
                </DeployClass>
                <DeployClass Name="iPad_Launch1668">
                    <Platform Name="iOSDevice32">
                        <Operation>1</Operation>
                    </Platform>
                    <Platform Name="iOSDevice64">
                        <Operation>1</Operation>
                    </Platform>
                    <Platform Name="iOSSimulator">
                        <Operation>1</Operation>
                    </Platform>
                </DeployClass>
                <DeployClass Name="iPad_Launch1668x2388">
                    <Platform Name="iOSDevice32">
                        <Operation>1</Operation>
                    </Platform>
                    <Platform Name="iOSDevice64">
                        <Operation>1</Operation>
                    </Platform>
                    <Platform Name="iOSSimulator">
                        <Operation>1</Operation>
                    </Platform>
                </DeployClass>
                <DeployClass Name="iPad_Launch2048">
                    <Platform Name="iOSDevice32">
                        <Operation>1</Operation>
                    </Platform>
                    <Platform Name="iOSDevice64">
                        <Operation>1</Operation>
                    </Platform>
                    <Platform Name="iOSSimulator">
                        <Operation>1</Operation>
                    </Platform>
                </DeployClass>
                <DeployClass Name="iPad_Launch2048x1536">
                    <Platform Name="iOSDevice32">
                        <Operation>1</Operation>
                    </Platform>
                    <Platform Name="iOSDevice64">
                        <Operation>1</Operation>
                    </Platform>
                    <Platform Name="iOSSimulator">
                        <Operation>1</Operation>
                    </Platform>
                </DeployClass>
                <DeployClass Name="iPad_Launch2048x2732">
                    <Platform Name="iOSDevice32">
                        <Operation>1</Operation>
                    </Platform>
                    <Platform Name="iOSDevice64">
                        <Operation>1</Operation>
                    </Platform>
                    <Platform Name="iOSSimulator">
                        <Operation>1</Operation>
                    </Platform>
                </DeployClass>
                <DeployClass Name="iPad_Launch2224">
                    <Platform Name="iOSDevice32">
                        <Operation>1</Operation>
                    </Platform>
                    <Platform Name="iOSDevice64">
                        <Operation>1</Operation>
                    </Platform>
                    <Platform Name="iOSSimulator">
                        <Operation>1</Operation>
                    </Platform>
                </DeployClass>
                <DeployClass Name="iPad_Launch2388x1668">
                    <Platform Name="iOSDevice32">
                        <Operation>1</Operation>
                    </Platform>
                    <Platform Name="iOSDevice64">
                        <Operation>1</Operation>
                    </Platform>
                    <Platform Name="iOSSimulator">
                        <Operation>1</Operation>
                    </Platform>
                </DeployClass>
                <DeployClass Name="iPad_Launch2732x2048">
                    <Platform Name="iOSDevice32">
                        <Operation>1</Operation>
                    </Platform>
                    <Platform Name="iOSDevice64">
                        <Operation>1</Operation>
                    </Platform>
                    <Platform Name="iOSSimulator">
                        <Operation>1</Operation>
                    </Platform>
                </DeployClass>
                <DeployClass Name="iPad_Launch768">
                    <Platform Name="iOSDevice32">
                        <Operation>1</Operation>
                    </Platform>
                    <Platform Name="iOSDevice64">
                        <Operation>1</Operation>
                    </Platform>
                    <Platform Name="iOSSimulator">
                        <Operation>1</Operation>
                    </Platform>
                </DeployClass>
                <DeployClass Name="iPad_Launch768x1024">
                    <Platform Name="iOSDevice32">
                        <Operation>1</Operation>
                    </Platform>
                    <Platform Name="iOSDevice64">
                        <Operation>1</Operation>
                    </Platform>
                    <Platform Name="iOSSimulator">
                        <Operation>1</Operation>
                    </Platform>
                </DeployClass>
                <DeployClass Name="iPhone_Launch1125">
                    <Platform Name="iOSDevice32">
                        <Operation>1</Operation>
                    </Platform>
                    <Platform Name="iOSDevice64">
                        <Operation>1</Operation>
                    </Platform>
                    <Platform Name="iOSSimulator">
                        <Operation>1</Operation>
                    </Platform>
                </DeployClass>
                <DeployClass Name="iPhone_Launch1136x640">
                    <Platform Name="iOSDevice32">
                        <Operation>1</Operation>
                    </Platform>
                    <Platform Name="iOSDevice64">
                        <Operation>1</Operation>
                    </Platform>
                    <Platform Name="iOSSimulator">
                        <Operation>1</Operation>
                    </Platform>
                </DeployClass>
                <DeployClass Name="iPhone_Launch1242">
                    <Platform Name="iOSDevice32">
                        <Operation>1</Operation>
                    </Platform>
                    <Platform Name="iOSDevice64">
                        <Operation>1</Operation>
                    </Platform>
                    <Platform Name="iOSSimulator">
                        <Operation>1</Operation>
                    </Platform>
                </DeployClass>
                <DeployClass Name="iPhone_Launch1242x2688">
                    <Platform Name="iOSDevice32">
                        <Operation>1</Operation>
                    </Platform>
                    <Platform Name="iOSDevice64">
                        <Operation>1</Operation>
                    </Platform>
                    <Platform Name="iOSSimulator">
                        <Operation>1</Operation>
                    </Platform>
                </DeployClass>
                <DeployClass Name="iPhone_Launch1334">
                    <Platform Name="iOSDevice32">
                        <Operation>1</Operation>
                    </Platform>
                    <Platform Name="iOSDevice64">
                        <Operation>1</Operation>
                    </Platform>
                    <Platform Name="iOSSimulator">
                        <Operation>1</Operation>
                    </Platform>
                </DeployClass>
                <DeployClass Name="iPhone_Launch1792">
                    <Platform Name="iOSDevice32">
                        <Operation>1</Operation>
                    </Platform>
                    <Platform Name="iOSDevice64">
                        <Operation>1</Operation>
                    </Platform>
                    <Platform Name="iOSSimulator">
                        <Operation>1</Operation>
                    </Platform>
                </DeployClass>
                <DeployClass Name="iPhone_Launch2208">
                    <Platform Name="iOSDevice32">
                        <Operation>1</Operation>
                    </Platform>
                    <Platform Name="iOSDevice64">
                        <Operation>1</Operation>
                    </Platform>
                    <Platform Name="iOSSimulator">
                        <Operation>1</Operation>
                    </Platform>
                </DeployClass>
                <DeployClass Name="iPhone_Launch2436">
                    <Platform Name="iOSDevice32">
                        <Operation>1</Operation>
                    </Platform>
                    <Platform Name="iOSDevice64">
                        <Operation>1</Operation>
                    </Platform>
                    <Platform Name="iOSSimulator">
                        <Operation>1</Operation>
                    </Platform>
                </DeployClass>
                <DeployClass Name="iPhone_Launch2688x1242">
                    <Platform Name="iOSDevice32">
                        <Operation>1</Operation>
                    </Platform>
                    <Platform Name="iOSDevice64">
                        <Operation>1</Operation>
                    </Platform>
                    <Platform Name="iOSSimulator">
                        <Operation>1</Operation>
                    </Platform>
                </DeployClass>
                <DeployClass Name="iPhone_Launch320">
                    <Platform Name="iOSDevice32">
                        <Operation>1</Operation>
                    </Platform>
                    <Platform Name="iOSDevice64">
                        <Operation>1</Operation>
                    </Platform>
                    <Platform Name="iOSSimulator">
                        <Operation>1</Operation>
                    </Platform>
                </DeployClass>
                <DeployClass Name="iPhone_Launch640">
                    <Platform Name="iOSDevice32">
                        <Operation>1</Operation>
                    </Platform>
                    <Platform Name="iOSDevice64">
                        <Operation>1</Operation>
                    </Platform>
                    <Platform Name="iOSSimulator">
                        <Operation>1</Operation>
                    </Platform>
                </DeployClass>
                <DeployClass Name="iPhone_Launch640x1136">
                    <Platform Name="iOSDevice32">
                        <Operation>1</Operation>
                    </Platform>
                    <Platform Name="iOSDevice64">
                        <Operation>1</Operation>
                    </Platform>
                    <Platform Name="iOSSimulator">
                        <Operation>1</Operation>
                    </Platform>
                </DeployClass>
                <DeployClass Name="iPhone_Launch750">
                    <Platform Name="iOSDevice32">
                        <Operation>1</Operation>
                    </Platform>
                    <Platform Name="iOSDevice64">
                        <Operation>1</Operation>
                    </Platform>
                    <Platform Name="iOSSimulator">
                        <Operation>1</Operation>
                    </Platform>
                </DeployClass>
                <DeployClass Name="iPhone_Launch828">
                    <Platform Name="iOSDevice32">
                        <Operation>1</Operation>
                    </Platform>
                    <Platform Name="iOSDevice64">
                        <Operation>1</Operation>
                    </Platform>
                    <Platform Name="iOSSimulator">
                        <Operation>1</Operation>
                    </Platform>
                </DeployClass>
                <DeployClass Name="ProjectAndroidManifest">
                    <Platform Name="Android">
                        <Operation>1</Operation>
                    </Platform>
                    <Platform Name="Android64">
                        <Operation>1</Operation>
                    </Platform>
                </DeployClass>
                <DeployClass Name="ProjectiOSDeviceDebug">
                    <Platform Name="iOSDevice32">
                        <RemoteDir>..\$(PROJECTNAME).app.dSYM\Contents\Resources\DWARF</RemoteDir>
                        <Operation>1</Operation>
                    </Platform>
                    <Platform Name="iOSDevice64">
                        <RemoteDir>..\$(PROJECTNAME).app.dSYM\Contents\Resources\DWARF</RemoteDir>
                        <Operation>1</Operation>
                    </Platform>
                </DeployClass>
                <DeployClass Name="ProjectiOSDeviceInfoPList"/>
                <DeployClass Name="ProjectiOSDeviceResourceRules"/>
                <DeployClass Name="ProjectiOSEntitlements"/>
                <DeployClass Name="ProjectiOSInfoPList"/>
                <DeployClass Name="ProjectiOSResource">
                    <Platform Name="iOSDevice32">
                        <Operation>1</Operation>
                    </Platform>
                    <Platform Name="iOSDevice64">
                        <Operation>1</Operation>
                    </Platform>
                    <Platform Name="iOSSimulator">
                        <Operation>1</Operation>
                    </Platform>
                </DeployClass>
                <DeployClass Name="ProjectiOSSimulatorInfoPList"/>
                <DeployClass Name="ProjectOSXDebug"/>
                <DeployClass Name="ProjectOSXEntitlements"/>
                <DeployClass Name="ProjectOSXInfoPList"/>
                <DeployClass Name="ProjectOSXResource">
                    <Platform Name="OSX32">
                        <RemoteDir>Contents\Resources</RemoteDir>
                        <Operation>1</Operation>
                    </Platform>
                    <Platform Name="OSX64">
                        <RemoteDir>Contents\Resources</RemoteDir>
                        <Operation>1</Operation>
                    </Platform>
                </DeployClass>
                <DeployClass Required="true" Name="ProjectOutput">
                    <Platform Name="Android">
                        <RemoteDir>library\lib\armeabi-v7a</RemoteDir>
                        <Operation>1</Operation>
                    </Platform>
                    <Platform Name="Android64">
                        <RemoteDir>library\lib\arm64-v8a</RemoteDir>
                        <Operation>1</Operation>
                    </Platform>
                    <Platform Name="iOSDevice32">
                        <Operation>1</Operation>
                    </Platform>
                    <Platform Name="iOSDevice64">
                        <Operation>1</Operation>
                    </Platform>
                    <Platform Name="iOSSimulator">
                        <Operation>1</Operation>
                    </Platform>
                    <Platform Name="Linux64">
                        <Operation>1</Operation>
                    </Platform>
                    <Platform Name="OSX32">
                        <Operation>1</Operation>
                    </Platform>
                    <Platform Name="OSX64">
                        <Operation>1</Operation>
                    </Platform>
                    <Platform Name="Win32">
                        <Operation>0</Operation>
                    </Platform>
                </DeployClass>
                <DeployClass Name="ProjectOutput_Android32">
                    <Platform Name="Android64">
                        <RemoteDir>library\lib\armeabi-v7a</RemoteDir>
                        <Operation>1</Operation>
                    </Platform>
                </DeployClass>
                <DeployClass Name="ProjectUWPManifest">
                    <Platform Name="Win32">
                        <Operation>1</Operation>
                    </Platform>
                    <Platform Name="Win64">
                        <Operation>1</Operation>
                    </Platform>
                </DeployClass>
                <DeployClass Name="UWP_DelphiLogo150">
                    <Platform Name="Win32">
                        <RemoteDir>Assets</RemoteDir>
                        <Operation>1</Operation>
                    </Platform>
                    <Platform Name="Win64">
                        <RemoteDir>Assets</RemoteDir>
                        <Operation>1</Operation>
                    </Platform>
                </DeployClass>
                <DeployClass Name="UWP_DelphiLogo44">
                    <Platform Name="Win32">
                        <RemoteDir>Assets</RemoteDir>
                        <Operation>1</Operation>
                    </Platform>
                    <Platform Name="Win64">
                        <RemoteDir>Assets</RemoteDir>
                        <Operation>1</Operation>
                    </Platform>
                </DeployClass>
                <ProjectRoot Platform="iOSDevice64" Name="$(PROJECTNAME).app"/>
                <ProjectRoot Platform="Win64" Name="$(PROJECTNAME)"/>
                <ProjectRoot Platform="iOSDevice32" Name="$(PROJECTNAME).app"/>
                <ProjectRoot Platform="Win32" Name="$(PROJECTNAME)"/>
                <ProjectRoot Platform="Linux64" Name="$(PROJECTNAME)"/>
                <ProjectRoot Platform="OSX32" Name="$(PROJECTNAME)"/>
                <ProjectRoot Platform="Android" Name="$(PROJECTNAME)"/>
                <ProjectRoot Platform="OSX64" Name="$(PROJECTNAME)"/>
                <ProjectRoot Platform="iOSSimulator" Name="$(PROJECTNAME).app"/>
                <ProjectRoot Platform="Android64" Name="$(PROJECTNAME)"/>
            </Deployment>
            <ModelSupport>False</ModelSupport>
        </BorlandProject>
        <ProjectFileVersion>12</ProjectFileVersion>
    </ProjectExtensions>
    <Import Condition="Exists('$(APPDATA)\Embarcadero\$(BDSAPPDATABASEDIR)\$(PRODUCTVERSION)\UserTools.proj')" Project="$(APPDATA)\Embarcadero\$(BDSAPPDATABASEDIR)\$(PRODUCTVERSION)\UserTools.proj"/>
    <Import Condition="Exists('$(MSBuildProjectName).deployproj')" Project="$(MSBuildProjectName).deployproj"/>
</Project>
